
Microsoft Visual Studio Solution File, Format Version 12.00
# Visual Studio Version 16
VisualStudioVersion = 16.0.30104.148
MinimumVisualStudioVersion = 10.0.40219.1
Project("{FAE04EC0-301F-11D3-BF4B-00C04F79EFBC}") = "InfoManager", "InfoManager.csproj", "{D56E3FB1-4BFB-48B1-986B-753284CD3764}"
EndProject
Global
	GlobalSection(SolutionConfigurationPlatforms) = preSolution
		Debug|Any CPU = Debug|Any CPU
		Release|Any CPU = Release|Any CPU
	EndGlobalSection
	GlobalSection(ProjectConfigurationPlatforms) = postSolution
		{D56E3FB1-4BFB-48B1-986B-753284CD3764}.Debug|Any CPU.ActiveCfg = Debug|Any CPU
		{D56E3FB1-4BFB-48B1-986B-753284CD3764}.Debug|Any CPU.Build.0 = Debug|Any CPU
		{D56E3FB1-4BFB-48B1-986B-753284CD3764}.Release|Any CPU.ActiveCfg = Release|Any CPU
		{D56E3FB1-4BFB-48B1-986B-753284CD3764}.Release|Any CPU.Build.0 = Release|Any CPU
	EndGlobalSection
	GlobalSection(SolutionProperties) = preSolution
		HideSolutionNode = FALSE
	EndGlobalSection
	GlobalSection(ExtensibilityGlobals) = postSolution
		SolutionGuid = {15D5B042-BAAE-477B-AA0C-BA3A9FB77C2F}
	EndGlobalSection
EndGlobal
